# THIS IS AN AUTOGENERATED FILE. DO NOT EDIT THIS FILE DIRECTLY.
# yarn lockfile v1


marked@^0.7.0:
  version "0.7.0"
  resolved "https://registry.npm.taobao.org/marked/download/marked-0.7.0.tgz?cache=0&sync_timestamp=1562386991938&other_urls=https%3A%2F%2Fregistry.npm.taobao.org%2Fmarked%2Fdownload%2Fmarked-0.7.0.tgz#b64201f051d271b1edc10a04d1ae9b74bb8e5c0e"
  integrity sha1-tkIB8FHScbHtwQoE0a6bdLuOXA4=
