# THIS IS AN AUTOGENERATED FILE. DO NOT EDIT THIS FILE DIRECTLY.
# yarn lockfile v1


"@mrmlnc/readdir-enhanced@^2.2.1":
  version "2.2.1"
  resolved "https://registry.npm.taobao.org/@mrmlnc/readdir-enhanced/-/readdir-enhanced-2.2.1.tgz#524af240d1a360527b730475ecfa1344aa540dde"
  integrity sha1-UkryQNGjYFJ7cwR17PoTRKpUDd4=
  dependencies:
    call-me-maybe "^1.0.1"
    glob-to-regexp "^0.3.0"

"@nodelib/fs.stat@^1.1.2":
  version "1.1.3"
  resolved "https://registry.npm.taobao.org/@nodelib/fs.stat/-/fs.stat-1.1.3.tgz#2b5a3ab3f918cca48a8c754c08168e3f03eba61b"
  integrity sha512-shAmDyaQC4H92APFoIaVDHCx5bStIocgvbwQyxPRrbUY20V1EYTbSDchWbuwlMG3V17cprZhA6+78JfB+3DTPw==

"@types/glob@^7.1.1":
  version "7.2.0"
  resolved "https://registry.npm.taobao.org/@types/glob/-/glob-7.2.0.tgz#bc1b5bf3aa92f25bd5dd39f35c57361bdce5b2eb"
  integrity sha512-ZUxbzKl0IfJILTS6t7ip5fQQM/J3TJYubDm3nMbgubNNYS62eXeUpoLUC8/7fJNiFYHTrGPQn7hspDUzIHX3UA==
  dependencies:
    "@types/minimatch" "*"
    "@types/node" "*"

"@types/minimatch@*":
  version "3.0.5"
  resolved "https://registry.npm.taobao.org/@types/minimatch/-/minimatch-3.0.5.tgz#1001cc5e6a3704b83c236027e77f2f58ea010f40"
  integrity sha512-Klz949h02Gz2uZCMGwDUSDS1YBlTdDDgbWHi+81l29tQALUtvz4rAYi5uoVhE5Lagoq6DeqAUlbrHvW/mXDgdQ==

"@types/node@*":
  version "17.0.8"
  resolved "https://registry.npm.taobao.org/@types/node/-/node-17.0.8.tgz#50d680c8a8a78fe30abe6906453b21ad8ab0ad7b"
  integrity sha512-YofkM6fGv4gDJq78g4j0mMuGMkZVxZDgtU0JRdx6FgiJDG+0fY0GKVolOV8WqVmEhLCXkQRjwDdKyPxJp/uucg==

acorn@^5.0.3:
  version "5.7.3"
  resolved "https://registry.npm.taobao.org/acorn/download/acorn-5.7.3.tgz#67aa231bf8812974b85235a96771eb6bd07ea279"
  integrity sha1-Z6ojG/iBKXS4UjWpZ3Hra9B+onk=

aggregate-error@^3.0.0:
  version "3.1.0"
  resolved "https://registry.npm.taobao.org/aggregate-error/-/aggregate-error-3.1.0.tgz#92670ff50f5359bdb7a3e0d40d0ec30c5737687a"
  integrity sha512-4I7Td01quW/RpocfNayFdFVk1qSuoh0E7JrbRJ16nH01HhKFQ88INq9Sd+nd72zqRySlr9BmDA8xlEJ6vJMrYA==
  dependencies:
    clean-stack "^2.0.0"
    indent-string "^4.0.0"

arr-diff@^4.0.0:
  version "4.0.0"
  resolved "https://registry.npm.taobao.org/arr-diff/-/arr-diff-4.0.0.tgz#d6461074febfec71e7e15235761a329a5dc7c520"
  integrity sha1-1kYQdP6/7HHn4VI1dhoyml3HxSA=

arr-flatten@^1.1.0:
  version "1.1.0"
  resolved "https://registry.npm.taobao.org/arr-flatten/-/arr-flatten-1.1.0.tgz#36048bbff4e7b47e136644316c99669ea5ae91f1"
  integrity sha1-NgSLv/TntH4TZkQxbJlmnqWukfE=

arr-union@^3.1.0:
  version "3.1.0"
  resolved "https://registry.npm.taobao.org/arr-union/-/arr-union-3.1.0.tgz#e39b09aea9def866a8f206e288af63919bae39c4"
  integrity sha1-45sJrqne+Gao8gbiiK9jkZuuOcQ=

array-union@^1.0.2:
  version "1.0.2"
  resolved "https://registry.npm.taobao.org/array-union/-/array-union-1.0.2.tgz#9a34410e4f4e3da23dea375be5be70f24778ec39"
  integrity sha1-mjRBDk9OPaI96jdb5b5w8kd47Dk=
  dependencies:
    array-uniq "^1.0.1"

array-uniq@^1.0.1:
  version "1.0.3"
  resolved "https://registry.npm.taobao.org/array-uniq/-/array-uniq-1.0.3.tgz#af6ac877a25cc7f74e058894753858dfdb24fdb6"
  integrity sha1-r2rId6Jcx/dOBYiUdThY39sk/bY=

array-unique@^0.3.2:
  version "0.3.2"
  resolved "https://registry.npm.taobao.org/array-unique/-/array-unique-0.3.2.tgz#a894b75d4bc4f6cd679ef3244a9fd8f46ae2d428"
  integrity sha1-qJS3XUvE9s1nnvMkSp/Y9Gri1Cg=

arrify@^2.0.1:
  version "2.0.1"
  resolved "https://registry.npm.taobao.org/arrify/-/arrify-2.0.1.tgz#c9655e9331e0abcd588d2a7cad7e9956f66701fa"
  integrity sha512-3duEwti880xqi4eAMN8AyR4a0ByT90zoYdLlevfrvU43vb0YZwZVfxOgxWrLXXXpyugL0hNZc9G6BiB5B3nUug==

art-template@^4.13.2:
  version "4.13.2"
  resolved "https://registry.npm.taobao.org/art-template/download/art-template-4.13.2.tgz#4c4cbd44de08aad031660240871f45c7d737cfc1"
  integrity sha1-TEy9RN4IqtAxZgJAhx9Fx9c3z8E=
  dependencies:
    acorn "^5.0.3"
    escodegen "^1.8.1"
    estraverse "^4.2.0"
    html-minifier "^3.4.3"
    is-keyword-js "^1.0.3"
    js-tokens "^3.0.1"
    merge-source-map "^1.0.3"
    source-map "^0.5.6"

assign-symbols@^1.0.0:
  version "1.0.0"
  resolved "https://registry.npm.taobao.org/assign-symbols/-/assign-symbols-1.0.0.tgz#59667f41fadd4f20ccbc2bb96b8d4f7f78ec0367"
  integrity sha1-WWZ/QfrdTyDMvCu5a41Pf3jsA2c=

atob@^2.1.2:
  version "2.1.2"
  resolved "https://registry.npm.taobao.org/atob/-/atob-2.1.2.tgz#6d9517eb9e030d2436666651e86bd9f6f13533c9"
  integrity sha1-bZUX654DDSQ2ZmZR6GvZ9vE1M8k=

balanced-match@^1.0.0:
  version "1.0.2"
  resolved "https://registry.yarnpkg.com/balanced-match/-/balanced-match-1.0.2.tgz#e83e3a7e3f300b34cb9d87f615fa0cbf357690ee"
  integrity sha512-3oSeUO0TMV67hN1AmbXsK4yaqU7tjiHlbxRDZOpH0KW9+CeX4bRAaX0Anxt0tx2MrpRpWwQaPwIlISEJhYU5Pw==

base@^0.11.1:
  version "0.11.2"
  resolved "https://registry.npm.taobao.org/base/-/base-0.11.2.tgz#7bde5ced145b6d551a90db87f83c558b4eb48a8f"
  integrity sha512-5T6P4xPgpp0YDFvSWwEZ4NoE3aM4QBQXDzmVbraCkFj8zHM+mba8SyqB5DbZWyR7mYHo6Y7BdQo3MoA4m0TeQg==
  dependencies:
    cache-base "^1.0.1"
    class-utils "^0.3.5"
    component-emitter "^1.2.1"
    define-property "^1.0.0"
    isobject "^3.0.1"
    mixin-deep "^1.2.0"
    pascalcase "^0.1.1"

brace-expansion@^1.1.7:
  version "1.1.11"
  resolved "https://registry.yarnpkg.com/brace-expansion/-/brace-expansion-1.1.11.tgz#3c7fcbf529d87226f3d2f52b966ff5271eb441dd"
  integrity sha512-iCuPHDFgrHX7H2vEI/5xpz07zSHB00TpugqhmYtVmMO6518mCuRMoOYFldEBl0g187ufozdaHgWKcYFb61qGiA==
  dependencies:
    balanced-match "^1.0.0"
    concat-map "0.0.1"

braces@^2.3.1:
  version "2.3.2"
  resolved "https://registry.npm.taobao.org/braces/-/braces-2.3.2.tgz#5979fd3f14cd531565e5fa2df1abfff1dfaee729"
  integrity sha512-aNdbnj9P8PjdXU4ybaWLK2IF3jc/EoDYbC7AazW6to3TRsfXxscC9UXOB5iDiEQrkyIbWp2SLQda4+QAa7nc3w==
  dependencies:
    arr-flatten "^1.1.0"
    array-unique "^0.3.2"
    extend-shallow "^2.0.1"
    fill-range "^4.0.0"
    isobject "^3.0.1"
    repeat-element "^1.1.2"
    snapdragon "^0.8.1"
    snapdragon-node "^2.0.1"
    split-string "^3.0.2"
    to-regex "^3.0.1"

cache-base@^1.0.1:
  version "1.0.1"
  resolved "https://registry.npm.taobao.org/cache-base/-/cache-base-1.0.1.tgz#0a7f46416831c8b662ee36fe4e7c59d76f666ab2"
  integrity sha512-AKcdTnFSWATd5/GCPRxr2ChwIJ85CeyrEyjRHlKxQ56d4XJMGym0uAiKn0xbLOGOl3+yRpOTi484dVCEc5AUzQ==
  dependencies:
    collection-visit "^1.0.0"
    component-emitter "^1.2.1"
    get-value "^2.0.6"
    has-value "^1.0.0"
    isobject "^3.0.1"
    set-value "^2.0.0"
    to-object-path "^0.3.0"
    union-value "^1.0.0"
    unset-value "^1.0.0"

call-me-maybe@^1.0.1:
  version "1.0.1"
  resolved "https://registry.npm.taobao.org/call-me-maybe/-/call-me-maybe-1.0.1.tgz#26d208ea89e37b5cbde60250a15f031c16a4d66b"
  integrity sha1-JtII6onje1y95gJQoV8DHBak1ms=

camel-case@3.0.x:
  version "3.0.0"
  resolved "https://registry.npm.taobao.org/camel-case/download/camel-case-3.0.0.tgz#ca3c3688a4e9cf3a4cda777dc4dcbc713249cf73"
  integrity sha1-yjw2iKTpzzpM2nd9xNy8cTJJz3M=
  dependencies:
    no-case "^2.2.0"
    upper-case "^1.1.1"

class-utils@^0.3.5:
  version "0.3.6"
  resolved "https://registry.npm.taobao.org/class-utils/-/class-utils-0.3.6.tgz#f93369ae8b9a7ce02fd41faad0ca83033190c463"
  integrity sha512-qOhPa/Fj7s6TY8H8esGu5QNpMMQxz79h+urzrNYN6mn+9BnxlDGf5QZ+XeCDsxSjPqsSR56XOZOJmpeurnLMeg==
  dependencies:
    arr-union "^3.1.0"
    define-property "^0.2.5"
    isobject "^3.0.0"
    static-extend "^0.1.1"

clean-css@4.2.x:
  version "4.2.1"
  resolved "https://registry.npm.taobao.org/clean-css/download/clean-css-4.2.1.tgz#2d411ef76b8569b6d0c84068dabe85b0aa5e5c17"
  integrity sha1-LUEe92uFabbQyEBo2r6FsKpeXBc=
  dependencies:
    source-map "~0.6.0"

clean-stack@^2.0.0:
  version "2.2.0"
  resolved "https://registry.npm.taobao.org/clean-stack/-/clean-stack-2.2.0.tgz#ee8472dbb129e727b31e8a10a427dee9dfe4008b"
  integrity sha512-4diC9HaTE+KRAMWhDhrGOECgWZxoevMc5TlkObMqNSsVU62PYzXZ/SMTjzyGAFF1YusgxGcSWTEXBhp0CPwQ1A==

collection-visit@^1.0.0:
  version "1.0.0"
  resolved "https://registry.npm.taobao.org/collection-visit/-/collection-visit-1.0.0.tgz#4bc0373c164bc3291b4d368c829cf1a80a59dca0"
  integrity sha1-S8A3PBZLwykbTTaMgpzxqApZ3KA=
  dependencies:
    map-visit "^1.0.0"
    object-visit "^1.0.0"

commander@2.17.x:
  version "2.17.1"
  resolved "https://registry.npm.taobao.org/commander/download/commander-2.17.1.tgz?cache=0&sync_timestamp=1565398176321&other_urls=https%3A%2F%2Fregistry.npm.taobao.org%2Fcommander%2Fdownload%2Fcommander-2.17.1.tgz#bd77ab7de6de94205ceacc72f1716d29f20a77bf"
  integrity sha1-vXerfebelCBc6sxy8XFtKfIKd78=

commander@~2.19.0:
  version "2.19.0"
  resolved "https://registry.npm.taobao.org/commander/download/commander-2.19.0.tgz?cache=0&sync_timestamp=1565398176321&other_urls=https%3A%2F%2Fregistry.npm.taobao.org%2Fcommander%2Fdownload%2Fcommander-2.19.0.tgz#f6198aa84e5b83c46054b94ddedbfed5ee9ff12a"
  integrity sha1-9hmKqE5bg8RgVLlN3tv+1e6f8So=

component-emitter@^1.2.1:
  version "1.3.0"
  resolved "https://registry.npm.taobao.org/component-emitter/-/component-emitter-1.3.0.tgz#16e4070fba8ae29b679f2215853ee181ab2eabc0"
  integrity sha1-FuQHD7qK4ptnnyIVhT7hgasuq8A=

concat-map@0.0.1:
  version "0.0.1"
  resolved "https://registry.yarnpkg.com/concat-map/-/concat-map-0.0.1.tgz#d8a96bd77fd68df7793a73036a3ba0d5405d477b"
  integrity sha512-/Srv4dswyQNBfohGpz9o6Yb3Gz3SrUDqBH5rTuhGR7ahtlbYKnVxw2bCFMRljaA7EXHaXZ8wsHdodFvbkhKmqg==

copy-descriptor@^0.1.0:
  version "0.1.1"
  resolved "https://registry.npm.taobao.org/copy-descriptor/-/copy-descriptor-0.1.1.tgz#676f6eb3c39997c2ee1ac3a924fd6124748f578d"
  integrity sha1-Z29us8OZl8LuGsOpJP1hJHSPV40=

cp-file@^7.0.0:
  version "7.0.0"
  resolved "https://registry.npm.taobao.org/cp-file/-/cp-file-7.0.0.tgz#b9454cfd07fe3b974ab9ea0e5f29655791a9b8cd"
  integrity sha512-0Cbj7gyvFVApzpK/uhCtQ/9kE9UnYpxMzaq5nQQC/Dh4iaj5fxp7iEFIullrYwzj8nf0qnsI1Qsx34hAeAebvw==
  dependencies:
    graceful-fs "^4.1.2"
    make-dir "^3.0.0"
    nested-error-stacks "^2.0.0"
    p-event "^4.1.0"

cpy@^8.1.2:
  version "8.1.2"
  resolved "https://registry.npm.taobao.org/cpy/-/cpy-8.1.2.tgz#e339ea54797ad23f8e3919a5cffd37bfc3f25935"
  integrity sha1-4znqVHl60j+OORmlz/03v8PyWTU=
  dependencies:
    arrify "^2.0.1"
    cp-file "^7.0.0"
    globby "^9.2.0"
    has-glob "^1.0.0"
    junk "^3.1.0"
    nested-error-stacks "^2.1.0"
    p-all "^2.1.0"
    p-filter "^2.1.0"
    p-map "^3.0.0"

debug@^2.2.0, debug@^2.3.3:
  version "2.6.9"
  resolved "https://registry.npm.taobao.org/debug/-/debug-2.6.9.tgz#5d128515df134ff327e90a4c93f4e077a536341f"
  integrity sha512-bC7ElrdJaJnPbAP+1EotYvqZsb3ecl5wi6Bfi6BJTUcNowp6cvspg0jXznRTKDjm/E7AdgFBVeAPVMNcKGsHMA==
  dependencies:
    ms "2.0.0"

decode-uri-component@^0.2.0:
  version "0.2.0"
  resolved "https://registry.npm.taobao.org/decode-uri-component/-/decode-uri-component-0.2.0.tgz#eb3913333458775cb84cd1a1fae062106bb87545"
  integrity sha1-6zkTMzRYd1y4TNGh+uBiEGu4dUU=

deep-is@~0.1.3:
  version "0.1.3"
  resolved "https://registry.npm.taobao.org/deep-is/download/deep-is-0.1.3.tgz#b369d6fb5dbc13eecf524f91b070feedc357cf34"
  integrity sha1-s2nW+128E+7PUk+RsHD+7cNXzzQ=

define-property@^0.2.5:
  version "0.2.5"
  resolved "https://registry.npm.taobao.org/define-property/-/define-property-0.2.5.tgz#c35b1ef918ec3c990f9a5bc57be04aacec5c8116"
  integrity sha1-w1se+RjsPJkPmlvFe+BKrOxcgRY=
  dependencies:
    is-descriptor "^0.1.0"

define-property@^1.0.0:
  version "1.0.0"
  resolved "https://registry.npm.taobao.org/define-property/-/define-property-1.0.0.tgz#769ebaaf3f4a63aad3af9e8d304c9bbe79bfb0e6"
  integrity sha1-dp66rz9KY6rTr56NMEybvnm/sOY=
  dependencies:
    is-descriptor "^1.0.0"

define-property@^2.0.2:
  version "2.0.2"
  resolved "https://registry.npm.taobao.org/define-property/-/define-property-2.0.2.tgz#d459689e8d654ba77e02a817f8710d702cb16e9d"
  integrity sha512-jwK2UV4cnPpbcG7+VRARKTZPUWowwXA8bzH5NP6ud0oeAxyYPuGZUAC7hMugpCdz4BeSZl2Dl9k66CHJ/46ZYQ==
  dependencies:
    is-descriptor "^1.0.2"
    isobject "^3.0.1"

dir-glob@^2.2.2:
  version "2.2.2"
  resolved "https://registry.npm.taobao.org/dir-glob/-/dir-glob-2.2.2.tgz#fa09f0694153c8918b18ba0deafae94769fc50c4"
  integrity sha512-f9LBi5QWzIW3I6e//uxZoLBlUt9kcp66qo0sSCxL6YZKc75R1c4MFCoe/LaZiBGmgujvQdxc5Bn3QhfyvK5Hsw==
  dependencies:
    path-type "^3.0.0"

escodegen@^1.8.1:
  version "1.12.0"
  resolved "https://registry.npm.taobao.org/escodegen/download/escodegen-1.12.0.tgz#f763daf840af172bb3a2b6dd7219c0e17f7ff541"
  integrity sha1-92Pa+ECvFyuzorbdchnA4X9/9UE=
  dependencies:
    esprima "^3.1.3"
    estraverse "^4.2.0"
    esutils "^2.0.2"
    optionator "^0.8.1"
  optionalDependencies:
    source-map "~0.6.1"

esprima@^3.1.3:
  version "3.1.3"
  resolved "https://registry.npm.taobao.org/esprima/download/esprima-3.1.3.tgz#fdca51cee6133895e3c88d535ce49dbff62a4633"
  integrity sha1-/cpRzuYTOJXjyI1TXOSdv/YqRjM=

estraverse@^4.2.0:
  version "4.3.0"
  resolved "https://registry.npm.taobao.org/estraverse/download/estraverse-4.3.0.tgz?cache=0&sync_timestamp=1565734335990&other_urls=https%3A%2F%2Fregistry.npm.taobao.org%2Festraverse%2Fdownload%2Festraverse-4.3.0.tgz#398ad3f3c5a24948be7725e83d11a7de28cdbd1d"
  integrity sha1-OYrT88WiSUi+dyXoPRGn3ijNvR0=

esutils@^2.0.2:
  version "2.0.3"
  resolved "https://registry.npm.taobao.org/esutils/download/esutils-2.0.3.tgz#74d2eb4de0b8da1293711910d50775b9b710ef64"
  integrity sha1-dNLrTeC42hKTcRkQ1Qd1ubcQ72Q=

expand-brackets@^2.1.4:
  version "2.1.4"
  resolved "https://registry.npm.taobao.org/expand-brackets/-/expand-brackets-2.1.4.tgz#b77735e315ce30f6b6eff0f83b04151a22449622"
  integrity sha1-t3c14xXOMPa27/D4OwQVGiJEliI=
  dependencies:
    debug "^2.3.3"
    define-property "^0.2.5"
    extend-shallow "^2.0.1"
    posix-character-classes "^0.1.0"
    regex-not "^1.0.0"
    snapdragon "^0.8.1"
    to-regex "^3.0.1"

extend-shallow@^2.0.1:
  version "2.0.1"
  resolved "https://registry.npm.taobao.org/extend-shallow/-/extend-shallow-2.0.1.tgz#51af7d614ad9a9f610ea1bafbb989d6b1c56890f"
  integrity sha1-Ua99YUrZqfYQ6huvu5idaxxWiQ8=
  dependencies:
    is-extendable "^0.1.0"

extend-shallow@^3.0.0, extend-shallow@^3.0.2:
  version "3.0.2"
  resolved "https://registry.npm.taobao.org/extend-shallow/-/extend-shallow-3.0.2.tgz#26a71aaf073b39fb2127172746131c2704028db8"
  integrity sha1-Jqcarwc7OfshJxcnRhMcJwQCjbg=
  dependencies:
    assign-symbols "^1.0.0"
    is-extendable "^1.0.1"

extglob@^2.0.4:
  version "2.0.4"
  resolved "https://registry.npm.taobao.org/extglob/-/extglob-2.0.4.tgz#ad00fe4dc612a9232e8718711dc5cb5ab0285543"
  integrity sha512-Nmb6QXkELsuBr24CJSkilo6UHHgbekK5UiZgfE6UHD3Eb27YC6oD+bhcT+tJ6cl8dmsgdQxnWlcry8ksBIBLpw==
  dependencies:
    array-unique "^0.3.2"
    define-property "^1.0.0"
    expand-brackets "^2.1.4"
    extend-shallow "^2.0.1"
    fragment-cache "^0.2.1"
    regex-not "^1.0.0"
    snapdragon "^0.8.1"
    to-regex "^3.0.1"

fast-glob@^2.2.6:
  version "2.2.7"
  resolved "https://registry.npm.taobao.org/fast-glob/-/fast-glob-2.2.7.tgz#6953857c3afa475fff92ee6015d52da70a4cd39d"
  integrity sha512-g1KuQwHOZAmOZMuBtHdxDtju+T2RT8jgCC9aANsbpdiDDTSnjgfuVsIBNKbUeJI3oKMRExcfNDtJl4OhbffMsw==
  dependencies:
    "@mrmlnc/readdir-enhanced" "^2.2.1"
    "@nodelib/fs.stat" "^1.1.2"
    glob-parent "^3.1.0"
    is-glob "^4.0.0"
    merge2 "^1.2.3"
    micromatch "^3.1.10"

fast-levenshtein@~2.0.4:
  version "2.0.6"
  resolved "https://registry.npm.taobao.org/fast-levenshtein/download/fast-levenshtein-2.0.6.tgz#3d8a5c66883a16a30ca8643e851f19baa7797917"
  integrity sha1-PYpcZog6FqMMqGQ+hR8Zuqd5eRc=

fill-range@^4.0.0:
  version "4.0.0"
  resolved "https://registry.npm.taobao.org/fill-range/-/fill-range-4.0.0.tgz#d544811d428f98eb06a63dc402d2403c328c38f7"
  integrity sha1-1USBHUKPmOsGpj3EAtJAPDKMOPc=
  dependencies:
    extend-shallow "^2.0.1"
    is-number "^3.0.0"
    repeat-string "^1.6.1"
    to-regex-range "^2.1.0"

for-in@^1.0.2:
  version "1.0.2"
  resolved "https://registry.npm.taobao.org/for-in/-/for-in-1.0.2.tgz#81068d295a8142ec0ac726c6e2200c30fb6d5e80"
  integrity sha1-gQaNKVqBQuwKxybG4iAMMPttXoA=

fragment-cache@^0.2.1:
  version "0.2.1"
  resolved "https://registry.npm.taobao.org/fragment-cache/-/fragment-cache-0.2.1.tgz#4290fad27f13e89be7f33799c6bc5a0abfff0d19"
  integrity sha1-QpD60n8T6Jvn8zeZxrxaCr//DRk=
  dependencies:
    map-cache "^0.2.2"

fs.realpath@^1.0.0:
  version "1.0.0"
  resolved "https://registry.npm.taobao.org/fs.realpath/-/fs.realpath-1.0.0.tgz#1504ad2523158caa40db4a2787cb01411994ea4f"
  integrity sha1-FQStJSMVjKpA20onh8sBQRmU6k8=

get-value@^2.0.3, get-value@^2.0.6:
  version "2.0.6"
  resolved "https://registry.npm.taobao.org/get-value/-/get-value-2.0.6.tgz#dc15ca1c672387ca76bd37ac0a395ba2042a2c28"
  integrity sha1-3BXKHGcjh8p2vTesCjlbogQqLCg=

glob-parent@^3.1.0:
  version "3.1.0"
  resolved "https://registry.npm.taobao.org/glob-parent/-/glob-parent-3.1.0.tgz#9e6af6299d8d3bd2bd40430832bd113df906c5ae"
  integrity sha1-nmr2KZ2NO9K9QEMIMr0RPfkGxa4=
  dependencies:
    is-glob "^3.1.0"
    path-dirname "^1.0.0"

glob-to-regexp@^0.3.0:
  version "0.3.0"
  resolved "https://registry.npm.taobao.org/glob-to-regexp/-/glob-to-regexp-0.3.0.tgz#8c5a1494d2066c570cc3bfe4496175acc4d502ab"
  integrity sha1-jFoUlNIGbFcMw7/kSWF1rMTVAqs=

glob@^7.1.3:
  version "7.2.0"
  resolved "https://registry.npm.taobao.org/glob/-/glob-7.2.0.tgz#d15535af7732e02e948f4c41628bd910293f6023"
  integrity sha512-lmLf6gtyrPq8tTjSmrO94wBeQbFR3HbLHbuyD69wuyQkImp2hWqMGB47OX65FBkPffO641IP9jWa1z4ivqG26Q==
  dependencies:
    fs.realpath "^1.0.0"
    inflight "^1.0.4"
    inherits "2"
    minimatch "^3.0.4"
    once "^1.3.0"
    path-is-absolute "^1.0.0"

globby@^9.2.0:
  version "9.2.0"
  resolved "https://registry.npm.taobao.org/globby/-/globby-9.2.0.tgz#fd029a706c703d29bdd170f4b6db3a3f7a7cb63d"
  integrity sha512-ollPHROa5mcxDEkwg6bPt3QbEf4pDQSNtd6JPL1YvOvAo/7/0VAm9TccUeoTmarjPw4pfUthSCqcyfNB1I3ZSg==
  dependencies:
    "@types/glob" "^7.1.1"
    array-union "^1.0.2"
    dir-glob "^2.2.2"
    fast-glob "^2.2.6"
    glob "^7.1.3"
    ignore "^4.0.3"
    pify "^4.0.1"
    slash "^2.0.0"

graceful-fs@^4.1.2:
  version "4.2.9"
  resolved "https://registry.npm.taobao.org/graceful-fs/-/graceful-fs-4.2.9.tgz#041b05df45755e587a24942279b9d113146e1c96"
  integrity sha512-NtNxqUcXgpW2iMrfqSfR73Glt39K+BLwWsPs94yR63v45T0Wbej7eRmL5cWfwEgqXnmjQp3zaJTshdRW/qC2ZQ==

has-glob@^1.0.0:
  version "1.0.0"
  resolved "https://registry.npm.taobao.org/has-glob/-/has-glob-1.0.0.tgz#9aaa9eedbffb1ba3990a7b0010fb678ee0081207"
  integrity sha1-mqqe7b/7G6OZCnsAEPtnjuAIEgc=
  dependencies:
    is-glob "^3.0.0"

has-value@^0.3.1:
  version "0.3.1"
  resolved "https://registry.npm.taobao.org/has-value/-/has-value-0.3.1.tgz#7b1f58bada62ca827ec0a2078025654845995e1f"
  integrity sha1-ex9YutpiyoJ+wKIHgCVlSEWZXh8=
  dependencies:
    get-value "^2.0.3"
    has-values "^0.1.4"
    isobject "^2.0.0"

has-value@^1.0.0:
  version "1.0.0"
  resolved "https://registry.npm.taobao.org/has-value/-/has-value-1.0.0.tgz#18b281da585b1c5c51def24c930ed29a0be6b177"
  integrity sha1-GLKB2lhbHFxR3vJMkw7SmgvmsXc=
  dependencies:
    get-value "^2.0.6"
    has-values "^1.0.0"
    isobject "^3.0.0"

has-values@^0.1.4:
  version "0.1.4"
  resolved "https://registry.npm.taobao.org/has-values/-/has-values-0.1.4.tgz#6d61de95d91dfca9b9a02089ad384bff8f62b771"
  integrity sha1-bWHeldkd/Km5oCCJrThL/49it3E=

has-values@^1.0.0:
  version "1.0.0"
  resolved "https://registry.npm.taobao.org/has-values/-/has-values-1.0.0.tgz#95b0b63fec2146619a6fe57fe75628d5a39efe4f"
  integrity sha1-lbC2P+whRmGab+V/51Yo1aOe/k8=
  dependencies:
    is-number "^3.0.0"
    kind-of "^4.0.0"

he@1.2.x:
  version "1.2.0"
  resolved "https://registry.npm.taobao.org/he/download/he-1.2.0.tgz#84ae65fa7eafb165fddb61566ae14baf05664f0f"
  integrity sha1-hK5l+n6vsWX922FWauFLrwVmTw8=

html-minifier@^3.4.3:
  version "3.5.21"
  resolved "https://registry.npm.taobao.org/html-minifier/download/html-minifier-3.5.21.tgz#d0040e054730e354db008463593194015212d20c"
  integrity sha1-0AQOBUcw41TbAIRjWTGUAVIS0gw=
  dependencies:
    camel-case "3.0.x"
    clean-css "4.2.x"
    commander "2.17.x"
    he "1.2.x"
    param-case "2.1.x"
    relateurl "0.2.x"
    uglify-js "3.4.x"

ignore@^4.0.3:
  version "4.0.6"
  resolved "https://registry.npm.taobao.org/ignore/-/ignore-4.0.6.tgz#750e3db5862087b4737ebac8207ffd1ef27b25fc"
  integrity sha512-cyFDKrqc/YdcWFniJhzI42+AzS+gNwmUzOSFcRCQYwySuBBBy/KjuxWLZ/FHEH6Moq1NizMOBWyTcv8O4OZIMg==

indent-string@^4.0.0:
  version "4.0.0"
  resolved "https://registry.npm.taobao.org/indent-string/-/indent-string-4.0.0.tgz#624f8f4497d619b2d9768531d58f4122854d7251"
  integrity sha512-EdDDZu4A2OyIK7Lr/2zG+w5jmbuk1DVBnEwREQvBzspBJkCEbRa8GxU1lghYcaGJCnRWibjDXlq779X1/y5xwg==

inflight@^1.0.4:
  version "1.0.6"
  resolved "https://registry.npm.taobao.org/inflight/-/inflight-1.0.6.tgz#49bd6331d7d02d0c09bc910a1075ba8165b56df9"
  integrity sha1-Sb1jMdfQLQwJvJEKEHW6gWW1bfk=
  dependencies:
    once "^1.3.0"
    wrappy "1"

inherits@2:
  version "2.0.4"
  resolved "https://registry.npm.taobao.org/inherits/-/inherits-2.0.4.tgz#0fa2c64f932917c3433a0ded55363aae37416b7c"
  integrity sha512-k/vGaX4/Yla3WzyMCvTQOXYeIHvqOKtnqBduzTHpzpQZzAskKMhZ2K+EnBiSM9zGSoIFeMpXKxa4dYeZIQqewQ==

is-accessor-descriptor@^0.1.6:
  version "0.1.6"
  resolved "https://registry.npm.taobao.org/is-accessor-descriptor/-/is-accessor-descriptor-0.1.6.tgz#a9e12cb3ae8d876727eeef3843f8a0897b5c98d6"
  integrity sha1-qeEss66Nh2cn7u84Q/igiXtcmNY=
  dependencies:
    kind-of "^3.0.2"

is-accessor-descriptor@^1.0.0:
  version "1.0.0"
  resolved "https://registry.npm.taobao.org/is-accessor-descriptor/-/is-accessor-descriptor-1.0.0.tgz#169c2f6d3df1f992618072365c9b0ea1f6878656"
  integrity sha1-FpwvbT3x+ZJhgHI2XJsOofaHhlY=
  dependencies:
    kind-of "^6.0.0"

is-buffer@^1.1.5:
  version "1.1.6"
  resolved "https://registry.npm.taobao.org/is-buffer/-/is-buffer-1.1.6.tgz#efaa2ea9daa0d7ab2ea13a97b2b8ad51fefbe8be"
  integrity sha1-76ouqdqg16suoTqXsritUf776L4=

is-data-descriptor@^0.1.4:
  version "0.1.4"
  resolved "https://registry.npm.taobao.org/is-data-descriptor/-/is-data-descriptor-0.1.4.tgz#0b5ee648388e2c860282e793f1856fec3f301b56"
  integrity sha1-C17mSDiOLIYCgueT8YVv7D8wG1Y=
  dependencies:
    kind-of "^3.0.2"

is-data-descriptor@^1.0.0:
  version "1.0.0"
  resolved "https://registry.npm.taobao.org/is-data-descriptor/-/is-data-descriptor-1.0.0.tgz#d84876321d0e7add03990406abbbbd36ba9268c7"
  integrity sha512-jbRXy1FmtAoCjQkVmIVYwuuqDFUbaOeDjmed1tOGPrsMhtJA4rD9tkgA0F1qJ3gRFRXcHYVkdeaP50Q5rE/jLQ==
  dependencies:
    kind-of "^6.0.0"

is-descriptor@^0.1.0:
  version "0.1.6"
  resolved "https://registry.npm.taobao.org/is-descriptor/-/is-descriptor-0.1.6.tgz#366d8240dde487ca51823b1ab9f07a10a78251ca"
  integrity sha1-Nm2CQN3kh8pRgjsaufB6EKeCUco=
  dependencies:
    is-accessor-descriptor "^0.1.6"
    is-data-descriptor "^0.1.4"
    kind-of "^5.0.0"

is-descriptor@^1.0.0, is-descriptor@^1.0.2:
  version "1.0.2"
  resolved "https://registry.npm.taobao.org/is-descriptor/-/is-descriptor-1.0.2.tgz#3b159746a66604b04f8c81524ba365c5f14d86ec"
  integrity sha1-OxWXRqZmBLBPjIFSS6NlxfFNhuw=
  dependencies:
    is-accessor-descriptor "^1.0.0"
    is-data-descriptor "^1.0.0"
    kind-of "^6.0.2"

is-extendable@^0.1.0, is-extendable@^0.1.1:
  version "0.1.1"
  resolved "https://registry.npm.taobao.org/is-extendable/-/is-extendable-0.1.1.tgz#62b110e289a471418e3ec36a617d472e301dfc89"
  integrity sha1-YrEQ4omkcUGOPsNqYX1HLjAd/Ik=

is-extendable@^1.0.1:
  version "1.0.1"
  resolved "https://registry.npm.taobao.org/is-extendable/-/is-extendable-1.0.1.tgz#a7470f9e426733d81bd81e1155264e3a3507cab4"
  integrity sha512-arnXMxT1hhoKo9k1LZdmlNyJdDDfy2v0fXjFlmok4+i8ul/6WlbVge9bhM74OpNPQPMGUToDtz+KXa1PneJxOA==
  dependencies:
    is-plain-object "^2.0.4"

is-extglob@^2.1.0, is-extglob@^2.1.1:
  version "2.1.1"
  resolved "https://registry.npm.taobao.org/is-extglob/-/is-extglob-2.1.1.tgz#a88c02535791f02ed37c76a1b9ea9773c833f8c2"
  integrity sha1-qIwCU1eR8C7TfHahueqXc8gz+MI=

is-glob@^3.0.0, is-glob@^3.1.0:
  version "3.1.0"
  resolved "https://registry.npm.taobao.org/is-glob/-/is-glob-3.1.0.tgz#7ba5ae24217804ac70707b96922567486cc3e84a"
  integrity sha1-e6WuJCF4BKxwcHuWkiVnSGzD6Eo=
  dependencies:
    is-extglob "^2.1.0"

is-glob@^4.0.0:
  version "4.0.3"
  resolved "https://registry.npm.taobao.org/is-glob/-/is-glob-4.0.3.tgz#64f61e42cbbb2eec2071a9dac0b28ba1e65d5084"
  integrity sha512-xelSayHH36ZgE7ZWhli7pW34hNbNl8Ojv5KVmkJD4hBdD3th8Tfk9vYasLM+mXWOZhFkgZfxhLSnrwRr4elSSg==
  dependencies:
    is-extglob "^2.1.1"

is-keyword-js@^1.0.3:
  version "1.0.3"
  resolved "https://registry.npm.taobao.org/is-keyword-js/download/is-keyword-js-1.0.3.tgz#ac30dcf35b671f4b27b17f5cb57235126021132d"
  integrity sha1-rDDc81tnH0snsX9ctXI1EmAhEy0=

is-number@^3.0.0:
  version "3.0.0"
  resolved "https://registry.npm.taobao.org/is-number/-/is-number-3.0.0.tgz#24fd6201a4782cf50561c810276afc7d12d71195"
  integrity sha1-JP1iAaR4LPUFYcgQJ2r8fRLXEZU=
  dependencies:
    kind-of "^3.0.2"

is-plain-object@^2.0.3, is-plain-object@^2.0.4:
  version "2.0.4"
  resolved "https://registry.npm.taobao.org/is-plain-object/-/is-plain-object-2.0.4.tgz#2c163b3fafb1b606d9d17928f05c2a1c38e07677"
  integrity sha512-h5PpgXkWitc38BBMYawTYMWJHFZJVnBquFE57xFpjB8pJFiF6gZ+bU+WyI/yqXiFR5mdLsgYNaPe8uao6Uv9Og==
  dependencies:
    isobject "^3.0.1"

is-windows@^1.0.2:
  version "1.0.2"
  resolved "https://registry.npm.taobao.org/is-windows/-/is-windows-1.0.2.tgz#d1850eb9791ecd18e6182ce12a30f396634bb19d"
  integrity sha512-eXK1UInq2bPmjyX6e3VHIzMLobc4J94i4AWn+Hpq3OU5KkrRC96OAcR3PRJ/pGu6m8TRnBHP9dkXQVsT/COVIA==

isarray@1.0.0:
  version "1.0.0"
  resolved "https://registry.npm.taobao.org/isarray/-/isarray-1.0.0.tgz#bb935d48582cba168c06834957a54a3e07124f11"
  integrity sha1-u5NdSFgsuhaMBoNJV6VKPgcSTxE=

isobject@^2.0.0:
  version "2.1.0"
  resolved "https://registry.npm.taobao.org/isobject/-/isobject-2.1.0.tgz#f065561096a3f1da2ef46272f815c840d87e0c89"
  integrity sha1-8GVWEJaj8dou9GJy+BXIQNh+DIk=
  dependencies:
    isarray "1.0.0"

isobject@^3.0.0, isobject@^3.0.1:
  version "3.0.1"
  resolved "https://registry.npm.taobao.org/isobject/-/isobject-3.0.1.tgz#4e431e92b11a9731636aa1f9c8d1ccbcfdab78df"
  integrity sha1-TkMekrEalzFjaqH5yNHMvP2reN8=

js-tokens@^3.0.1:
  version "3.0.2"
  resolved "https://registry.npm.taobao.org/js-tokens/download/js-tokens-3.0.2.tgz#9866df395102130e38f7f996bceb65443209c25b"
  integrity sha1-mGbfOVECEw449/mWvOtlRDIJwls=

junk@^3.1.0:
  version "3.1.0"
  resolved "https://registry.npm.taobao.org/junk/-/junk-3.1.0.tgz#31499098d902b7e98c5d9b9c80f43457a88abfa1"
  integrity sha512-pBxcB3LFc8QVgdggvZWyeys+hnrNWg4OcZIU/1X59k5jQdLBlCsYGRQaz234SqoRLTCgMH00fY0xRJH+F9METQ==

kind-of@^3.0.2, kind-of@^3.0.3, kind-of@^3.2.0:
  version "3.2.2"
  resolved "https://registry.npm.taobao.org/kind-of/-/kind-of-3.2.2.tgz#31ea21a734bab9bbb0f32466d893aea51e4a3c64"
  integrity sha1-MeohpzS6ubuw8yRm2JOupR5KPGQ=
  dependencies:
    is-buffer "^1.1.5"

kind-of@^4.0.0:
  version "4.0.0"
  resolved "https://registry.npm.taobao.org/kind-of/-/kind-of-4.0.0.tgz#20813df3d712928b207378691a45066fae72dd57"
  integrity sha1-IIE989cSkosgc3hpGkUGb65y3Vc=
  dependencies:
    is-buffer "^1.1.5"

kind-of@^5.0.0:
  version "5.1.0"
  resolved "https://registry.npm.taobao.org/kind-of/-/kind-of-5.1.0.tgz#729c91e2d857b7a419a1f9aa65685c4c33f5845d"
  integrity sha512-NGEErnH6F2vUuXDh+OlbcKW7/wOcfdRHaZ7VWtqCztfHri/++YKmP51OdWeGPuqCOba6kk2OTe5d02VmTB80Pw==

kind-of@^6.0.0, kind-of@^6.0.2:
  version "6.0.3"
  resolved "https://registry.npm.taobao.org/kind-of/-/kind-of-6.0.3.tgz#07c05034a6c349fa06e24fa35aa76db4580ce4dd"
  integrity sha512-dcS1ul+9tmeD95T+x28/ehLgd9mENa3LsvDTtzm3vyBEO7RPptvAD+t44WVXaUjTBRcrpFeFlC8WCruUR456hw==

levn@~0.3.0:
  version "0.3.0"
  resolved "https://registry.npm.taobao.org/levn/download/levn-0.3.0.tgz#3b09924edf9f083c0490fdd4c0bc4421e04764ee"
  integrity sha1-OwmSTt+fCDwEkP3UwLxEIeBHZO4=
  dependencies:
    prelude-ls "~1.1.2"
    type-check "~0.3.2"

lower-case@^1.1.1:
  version "1.1.4"
  resolved "https://registry.npm.taobao.org/lower-case/download/lower-case-1.1.4.tgz#9a2cabd1b9e8e0ae993a4bf7d5875c39c42e8eac"
  integrity sha1-miyr0bno4K6ZOkv31YdcOcQujqw=

make-dir@^3.0.0:
  version "3.1.0"
  resolved "https://registry.npm.taobao.org/make-dir/-/make-dir-3.1.0.tgz#415e967046b3a7f1d185277d84aa58203726a13f"
  integrity sha1-QV6WcEazp/HRhSd9hKpYIDcmoT8=
  dependencies:
    semver "^6.0.0"

map-cache@^0.2.2:
  version "0.2.2"
  resolved "https://registry.npm.taobao.org/map-cache/-/map-cache-0.2.2.tgz#c32abd0bd6525d9b051645bb4f26ac5dc98a0dbf"
  integrity sha1-wyq9C9ZSXZsFFkW7TyasXcmKDb8=

map-visit@^1.0.0:
  version "1.0.0"
  resolved "https://registry.npm.taobao.org/map-visit/-/map-visit-1.0.0.tgz#ecdca8f13144e660f1b5bd41f12f3479d98dfb8f"
  integrity sha1-7Nyo8TFE5mDxtb1B8S80edmN+48=
  dependencies:
    object-visit "^1.0.0"

marked@^0.7.0:
  version "0.7.0"
  resolved "https://registry.npm.taobao.org/marked/download/marked-0.7.0.tgz?cache=0&sync_timestamp=1562386991938&other_urls=https%3A%2F%2Fregistry.npm.taobao.org%2Fmarked%2Fdownload%2Fmarked-0.7.0.tgz#b64201f051d271b1edc10a04d1ae9b74bb8e5c0e"
  integrity sha1-tkIB8FHScbHtwQoE0a6bdLuOXA4=

merge-source-map@^1.0.3:
  version "1.1.0"
  resolved "https://registry.npm.taobao.org/merge-source-map/download/merge-source-map-1.1.0.tgz#2fdde7e6020939f70906a68f2d7ae685e4c8c646"
  integrity sha1-L93n5gIJOfcJBqaPLXrmheTIxkY=
  dependencies:
    source-map "^0.6.1"

merge2@^1.2.3:
  version "1.4.1"
  resolved "https://registry.npm.taobao.org/merge2/-/merge2-1.4.1.tgz#4368892f885e907455a6fd7dc55c0c9d404990ae"
  integrity sha1-Q2iJL4hekHRVpv19xVwMnUBJkK4=

micromatch@^3.1.10:
  version "3.1.10"
  resolved "https://registry.npm.taobao.org/micromatch/-/micromatch-3.1.10.tgz#70859bc95c9840952f359a068a3fc49f9ecfac23"
  integrity sha512-MWikgl9n9M3w+bpsY3He8L+w9eF9338xRl8IAO5viDizwSzziFEyUzo2xrrloB64ADbTf8uA8vRqqttDTOmccg==
  dependencies:
    arr-diff "^4.0.0"
    array-unique "^0.3.2"
    braces "^2.3.1"
    define-property "^2.0.2"
    extend-shallow "^3.0.2"
    extglob "^2.0.4"
    fragment-cache "^0.2.1"
    kind-of "^6.0.2"
    nanomatch "^1.2.9"
    object.pick "^1.3.0"
    regex-not "^1.0.0"
    snapdragon "^0.8.1"
    to-regex "^3.0.2"

minimatch@^3.0.4:
  version "3.1.2"
  resolved "https://registry.yarnpkg.com/minimatch/-/minimatch-3.1.2.tgz#19cd194bfd3e428f049a70817c038d89ab4be35b"
  integrity sha512-J7p63hRiAjw1NDEww1W7i37+ByIrOWO5XQQAzZ3VOcL0PNybwpfmV/N05zFAzwQ9USyEcX6t3UO+K5aqBQOIHw==
  dependencies:
    brace-expansion "^1.1.7"

mixin-deep@^1.2.0:
  version "1.3.2"
  resolved "https://registry.npm.taobao.org/mixin-deep/-/mixin-deep-1.3.2.tgz#1120b43dc359a785dce65b55b82e257ccf479566"
  integrity sha512-WRoDn//mXBiJ1H40rqa3vH0toePwSsGb45iInWlTySa+Uu4k3tYUSxa2v1KqAiLtvlrSzaExqS1gtk96A9zvEA==
  dependencies:
    for-in "^1.0.2"
    is-extendable "^1.0.1"

ms@2.0.0:
  version "2.0.0"
  resolved "https://registry.npm.taobao.org/ms/-/ms-2.0.0.tgz#5608aeadfc00be6c2901df5f9861788de0d597c8"
  integrity sha1-VgiurfwAvmwpAd9fmGF4jeDVl8g=

nanomatch@^1.2.9:
  version "1.2.13"
  resolved "https://registry.npm.taobao.org/nanomatch/-/nanomatch-1.2.13.tgz#b87a8aa4fc0de8fe6be88895b38983ff265bd119"
  integrity sha512-fpoe2T0RbHwBTBUOftAfBPaDEi06ufaUai0mE6Yn1kacc3SnTErfb/h+X94VXzI64rKFHYImXSvdwGGCmwOqCA==
  dependencies:
    arr-diff "^4.0.0"
    array-unique "^0.3.2"
    define-property "^2.0.2"
    extend-shallow "^3.0.2"
    fragment-cache "^0.2.1"
    is-windows "^1.0.2"
    kind-of "^6.0.2"
    object.pick "^1.3.0"
    regex-not "^1.0.0"
    snapdragon "^0.8.1"
    to-regex "^3.0.1"

nested-error-stacks@^2.0.0, nested-error-stacks@^2.1.0:
  version "2.1.0"
  resolved "https://registry.npm.taobao.org/nested-error-stacks/-/nested-error-stacks-2.1.0.tgz#0fbdcf3e13fe4994781280524f8b96b0cdff9c61"
  integrity sha1-D73PPhP+SZR4EoBST4uWsM3/nGE=

no-case@^2.2.0:
  version "2.3.2"
  resolved "https://registry.npm.taobao.org/no-case/download/no-case-2.3.2.tgz#60b813396be39b3f1288a4c1ed5d1e7d28b464ac"
  integrity sha1-YLgTOWvjmz8SiKTB7V0efSi0ZKw=
  dependencies:
    lower-case "^1.1.1"

object-copy@^0.1.0:
  version "0.1.0"
  resolved "https://registry.npm.taobao.org/object-copy/-/object-copy-0.1.0.tgz#7e7d858b781bd7c991a41ba975ed3812754e998c"
  integrity sha1-fn2Fi3gb18mRpBupde04EnVOmYw=
  dependencies:
    copy-descriptor "^0.1.0"
    define-property "^0.2.5"
    kind-of "^3.0.3"

object-visit@^1.0.0:
  version "1.0.1"
  resolved "https://registry.npm.taobao.org/object-visit/-/object-visit-1.0.1.tgz#f79c4493af0c5377b59fe39d395e41042dd045bb"
  integrity sha1-95xEk68MU3e1n+OdOV5BBC3QRbs=
  dependencies:
    isobject "^3.0.0"

object.pick@^1.3.0:
  version "1.3.0"
  resolved "https://registry.npm.taobao.org/object.pick/-/object.pick-1.3.0.tgz#87a10ac4c1694bd2e1cbf53591a66141fb5dd747"
  integrity sha1-h6EKxMFpS9Lhy/U1kaZhQftd10c=
  dependencies:
    isobject "^3.0.1"

once@^1.3.0:
  version "1.4.0"
  resolved "https://registry.npm.taobao.org/once/-/once-1.4.0.tgz#583b1aa775961d4b113ac17d9c50baef9dd76bd1"
  integrity sha1-WDsap3WWHUsROsF9nFC6753Xa9E=
  dependencies:
    wrappy "1"

optionator@^0.8.1:
  version "0.8.2"
  resolved "https://registry.npm.taobao.org/optionator/download/optionator-0.8.2.tgz#364c5e409d3f4d6301d6c0b4c05bba50180aeb64"
  integrity sha1-NkxeQJ0/TWMB1sC0wFu6UBgK62Q=
  dependencies:
    deep-is "~0.1.3"
    fast-levenshtein "~2.0.4"
    levn "~0.3.0"
    prelude-ls "~1.1.2"
    type-check "~0.3.2"
    wordwrap "~1.0.0"

p-all@^2.1.0:
  version "2.1.0"
  resolved "https://registry.npm.taobao.org/p-all/-/p-all-2.1.0.tgz#91419be56b7dee8fe4c5db875d55e0da084244a0"
  integrity sha512-HbZxz5FONzz/z2gJfk6bFca0BCiSRF8jU3yCsWOen/vR6lZjfPOu/e7L3uFzTW1i0H8TlC3vqQstEJPQL4/uLA==
  dependencies:
    p-map "^2.0.0"

p-event@^4.1.0:
  version "4.2.0"
  resolved "https://registry.npm.taobao.org/p-event/-/p-event-4.2.0.tgz#af4b049c8acd91ae81083ebd1e6f5cae2044c1b5"
  integrity sha512-KXatOjCRXXkSePPb1Nbi0p0m+gQAwdlbhi4wQKJPI1HsMQS9g+Sqp2o+QHziPr7eYJyOZet836KoHEVM1mwOrQ==
  dependencies:
    p-timeout "^3.1.0"

p-filter@^2.1.0:
  version "2.1.0"
  resolved "https://registry.npm.taobao.org/p-filter/-/p-filter-2.1.0.tgz#1b1472562ae7a0f742f0f3d3d3718ea66ff9c09c"
  integrity sha1-GxRyVirnoPdC8PPT03GOpm/5wJw=
  dependencies:
    p-map "^2.0.0"

p-finally@^1.0.0:
  version "1.0.0"
  resolved "https://registry.npm.taobao.org/p-finally/-/p-finally-1.0.0.tgz#3fbcfb15b899a44123b34b6dcc18b724336a2cae"
  integrity sha1-P7z7FbiZpEEjs0ttzBi3JDNqLK4=

p-map@^2.0.0:
  version "2.1.0"
  resolved "https://registry.npm.taobao.org/p-map/-/p-map-2.1.0.tgz#310928feef9c9ecc65b68b17693018a665cea175"
  integrity sha512-y3b8Kpd8OAN444hxfBbFfj1FY/RjtTd8tzYwhUqNYXx0fXx2iX4maP4Qr6qhIKbQXI02wTLAda4fYUbDagTUFw==

p-map@^3.0.0:
  version "3.0.0"
  resolved "https://registry.npm.taobao.org/p-map/-/p-map-3.0.0.tgz#d704d9af8a2ba684e2600d9a215983d4141a979d"
  integrity sha512-d3qXVTF/s+W+CdJ5A29wywV2n8CQQYahlgz2bFiA+4eVNJbHJodPZ+/gXwPGh0bOqA+j8S+6+ckmvLGPk1QpxQ==
  dependencies:
    aggregate-error "^3.0.0"

p-timeout@^3.1.0:
  version "3.2.0"
  resolved "https://registry.npm.taobao.org/p-timeout/-/p-timeout-3.2.0.tgz#c7e17abc971d2a7962ef83626b35d635acf23dfe"
  integrity sha512-rhIwUycgwwKcP9yTOOFK/AKsAopjjCakVqLHePO3CC6Mir1Z99xT+R63jZxAT5lFZLa2inS5h+ZS2GvR99/FBg==
  dependencies:
    p-finally "^1.0.0"

param-case@2.1.x:
  version "2.1.1"
  resolved "https://registry.npm.taobao.org/param-case/download/param-case-2.1.1.tgz#df94fd8cf6531ecf75e6bef9a0858fbc72be2247"
  integrity sha1-35T9jPZTHs915r75oIWPvHK+Ikc=
  dependencies:
    no-case "^2.2.0"

pascalcase@^0.1.1:
  version "0.1.1"
  resolved "https://registry.npm.taobao.org/pascalcase/-/pascalcase-0.1.1.tgz#b363e55e8006ca6fe21784d2db22bd15d7917f14"
  integrity sha1-s2PlXoAGym/iF4TS2yK9FdeRfxQ=

path-dirname@^1.0.0:
  version "1.0.2"
  resolved "https://registry.npm.taobao.org/path-dirname/-/path-dirname-1.0.2.tgz#cc33d24d525e099a5388c0336c6e32b9160609e0"
  integrity sha1-zDPSTVJeCZpTiMAzbG4yuRYGCeA=

path-is-absolute@^1.0.0:
  version "1.0.1"
  resolved "https://registry.npm.taobao.org/path-is-absolute/-/path-is-absolute-1.0.1.tgz#174b9268735534ffbc7ace6bf53a5a9e1b5c5f5f"
  integrity sha1-F0uSaHNVNP+8es5r9TpanhtcX18=

path-type@^3.0.0:
  version "3.0.0"
  resolved "https://registry.npm.taobao.org/path-type/-/path-type-3.0.0.tgz#cef31dc8e0a1a3bb0d105c0cd97cf3bf47f4e36f"
  integrity sha1-zvMdyOCho7sNEFwM2Xzzv0f0428=
  dependencies:
    pify "^3.0.0"

pify@^3.0.0:
  version "3.0.0"
  resolved "https://registry.npm.taobao.org/pify/-/pify-3.0.0.tgz#e5a4acd2c101fdf3d9a4d07f0dbc4db49dd28176"
  integrity sha1-5aSs0sEB/fPZpNB/DbxNtJ3SgXY=

pify@^4.0.1:
  version "4.0.1"
  resolved "https://registry.npm.taobao.org/pify/-/pify-4.0.1.tgz#4b2cd25c50d598735c50292224fd8c6df41e3231"
  integrity sha512-uB80kBFb/tfd68bVleG9T5GGsGPjJrLAUpR5PZIrhBnIaRTQRjqdJSsIKkOP6OAIFbj7GOrcudc5pNjZ+geV2g==

posix-character-classes@^0.1.0:
  version "0.1.1"
  resolved "https://registry.npm.taobao.org/posix-character-classes/-/posix-character-classes-0.1.1.tgz#01eac0fe3b5af71a2a6c02feabb8c1fef7e00eab"
  integrity sha1-AerA/jta9xoqbAL+q7jB/vfgDqs=

prelude-ls@~1.1.2:
  version "1.1.2"
  resolved "https://registry.npm.taobao.org/prelude-ls/download/prelude-ls-1.1.2.tgz#21932a549f5e52ffd9a827f570e04be62a97da54"
  integrity sha1-IZMqVJ9eUv/ZqCf1cOBL5iqX2lQ=

regex-not@^1.0.0, regex-not@^1.0.2:
  version "1.0.2"
  resolved "https://registry.npm.taobao.org/regex-not/-/regex-not-1.0.2.tgz#1f4ece27e00b0b65e0247a6810e6a85d83a5752c"
  integrity sha1-H07OJ+ALC2XgJHpoEOaoXYOldSw=
  dependencies:
    extend-shallow "^3.0.2"
    safe-regex "^1.1.0"

relateurl@0.2.x:
  version "0.2.7"
  resolved "https://registry.npm.taobao.org/relateurl/download/relateurl-0.2.7.tgz#54dbf377e51440aca90a4cd274600d3ff2d888a9"
  integrity sha1-VNvzd+UUQKypCkzSdGANP/LYiKk=

repeat-element@^1.1.2:
  version "1.1.4"
  resolved "https://registry.npm.taobao.org/repeat-element/-/repeat-element-1.1.4.tgz#be681520847ab58c7568ac75fbfad28ed42d39e9"
  integrity sha512-LFiNfRcSu7KK3evMyYOuCzv3L10TW7yC1G2/+StMjK8Y6Vqd2MG7r/Qjw4ghtuCOjFvlnms/iMmLqpvW/ES/WQ==

repeat-string@^1.6.1:
  version "1.6.1"
  resolved "https://registry.npm.taobao.org/repeat-string/-/repeat-string-1.6.1.tgz#8dcae470e1c88abc2d600fff4a776286da75e637"
  integrity sha1-jcrkcOHIirwtYA//Sndihtp15jc=

resolve-url@^0.2.1:
  version "0.2.1"
  resolved "https://registry.npm.taobao.org/resolve-url/-/resolve-url-0.2.1.tgz#2c637fe77c893afd2a663fe21aa9080068e2052a"
  integrity sha1-LGN/53yJOv0qZj/iGqkIAGjiBSo=

ret@~0.1.10:
  version "0.1.15"
  resolved "https://registry.npm.taobao.org/ret/-/ret-0.1.15.tgz#b8a4825d5bdb1fc3f6f53c2bc33f81388681c7bc"
  integrity sha1-uKSCXVvbH8P29Twrwz+BOIaBx7w=

safe-regex@^1.1.0:
  version "1.1.0"
  resolved "https://registry.npm.taobao.org/safe-regex/-/safe-regex-1.1.0.tgz#40a3669f3b077d1e943d44629e157dd48023bf2e"
  integrity sha1-QKNmnzsHfR6UPURinhV91IAjvy4=
  dependencies:
    ret "~0.1.10"

semver@^6.0.0:
  version "6.3.0"
  resolved "https://registry.npm.taobao.org/semver/-/semver-6.3.0.tgz#ee0a64c8af5e8ceea67687b133761e1becbd1d3d"
  integrity sha512-b39TBaTSfV6yBrapU89p5fKekE2m/NwnDocOVruQFS1/veMgdzuPcnOM34M6CwxW8jH/lxEa5rBoDeUwu5HHTw==

set-value@^2.0.0, set-value@^2.0.1:
  version "2.0.1"
  resolved "https://registry.npm.taobao.org/set-value/-/set-value-2.0.1.tgz#a18d40530e6f07de4228c7defe4227af8cad005b"
  integrity sha512-JxHc1weCN68wRY0fhCoXpyK55m/XPHafOmK4UWD7m2CI14GMcFypt4w/0+NV5f/ZMby2F6S2wwA7fgynh9gWSw==
  dependencies:
    extend-shallow "^2.0.1"
    is-extendable "^0.1.1"
    is-plain-object "^2.0.3"
    split-string "^3.0.1"

slash@^2.0.0:
  version "2.0.0"
  resolved "https://registry.npm.taobao.org/slash/-/slash-2.0.0.tgz#de552851a1759df3a8f206535442f5ec4ddeab44"
  integrity sha512-ZYKh3Wh2z1PpEXWr0MpSBZ0V6mZHAQfYevttO11c51CaWjGTaadiKZ+wVt1PbMlDV5qhMFslpZCemhwOK7C89A==

snapdragon-node@^2.0.1:
  version "2.1.1"
  resolved "https://registry.npm.taobao.org/snapdragon-node/-/snapdragon-node-2.1.1.tgz#6c175f86ff14bdb0724563e8f3c1b021a286853b"
  integrity sha512-O27l4xaMYt/RSQ5TR3vpWCAB5Kb/czIcqUFOM/C4fYcLnbZUc1PkjTAMjof2pBWaSTwOUd6qUHcFGVGj7aIwnw==
  dependencies:
    define-property "^1.0.0"
    isobject "^3.0.0"
    snapdragon-util "^3.0.1"

snapdragon-util@^3.0.1:
  version "3.0.1"
  resolved "https://registry.npm.taobao.org/snapdragon-util/-/snapdragon-util-3.0.1.tgz#f956479486f2acd79700693f6f7b805e45ab56e2"
  integrity sha512-mbKkMdQKsjX4BAL4bRYTj21edOf8cN7XHdYUJEe+Zn99hVEYcMvKPct1IqNe7+AZPirn8BCDOQBHQZknqmKlZQ==
  dependencies:
    kind-of "^3.2.0"

snapdragon@^0.8.1:
  version "0.8.2"
  resolved "https://registry.npm.taobao.org/snapdragon/-/snapdragon-0.8.2.tgz#64922e7c565b0e14204ba1aa7d6964278d25182d"
  integrity sha512-FtyOnWN/wCHTVXOMwvSv26d+ko5vWlIDD6zoUJ7LW8vh+ZBC8QdljveRP+crNrtBwioEUWy/4dMtbBjA4ioNlg==
  dependencies:
    base "^0.11.1"
    debug "^2.2.0"
    define-property "^0.2.5"
    extend-shallow "^2.0.1"
    map-cache "^0.2.2"
    source-map "^0.5.6"
    source-map-resolve "^0.5.0"
    use "^3.1.0"

source-map-resolve@^0.5.0:
  version "0.5.3"
  resolved "https://registry.npm.taobao.org/source-map-resolve/-/source-map-resolve-0.5.3.tgz#190866bece7553e1f8f267a2ee82c606b5509a1a"
  integrity sha1-GQhmvs51U+H48mei7oLGBrVQmho=
  dependencies:
    atob "^2.1.2"
    decode-uri-component "^0.2.0"
    resolve-url "^0.2.1"
    source-map-url "^0.4.0"
    urix "^0.1.0"

source-map-url@^0.4.0:
  version "0.4.1"
  resolved "https://registry.npm.taobao.org/source-map-url/-/source-map-url-0.4.1.tgz#0af66605a745a5a2f91cf1bbf8a7afbc283dec56"
  integrity sha1-CvZmBadFpaL5HPG7+KevvCg97FY=

source-map@^0.5.6:
  version "0.5.7"
  resolved "https://registry.npm.taobao.org/source-map/download/source-map-0.5.7.tgz#8a039d2d1021d22d1ea14c80d8ea468ba2ef3fcc"
  integrity sha1-igOdLRAh0i0eoUyA2OpGi6LvP8w=

source-map@^0.6.1, source-map@~0.6.0, source-map@~0.6.1:
  version "0.6.1"
  resolved "https://registry.npm.taobao.org/source-map/download/source-map-0.6.1.tgz#74722af32e9614e9c287a8d0bbde48b5e2f1a263"
  integrity sha1-dHIq8y6WFOnCh6jQu95IteLxomM=

split-string@^3.0.1, split-string@^3.0.2:
  version "3.1.0"
  resolved "https://registry.npm.taobao.org/split-string/-/split-string-3.1.0.tgz#7cb09dda3a86585705c64b39a6466038682e8fe2"
  integrity sha1-fLCd2jqGWFcFxks5pkZgOGguj+I=
  dependencies:
    extend-shallow "^3.0.0"

static-extend@^0.1.1:
  version "0.1.2"
  resolved "https://registry.npm.taobao.org/static-extend/-/static-extend-0.1.2.tgz#60809c39cbff55337226fd5e0b520f341f1fb5c6"
  integrity sha1-YICcOcv/VTNyJv1eC1IPNB8ftcY=
  dependencies:
    define-property "^0.2.5"
    object-copy "^0.1.0"

to-object-path@^0.3.0:
  version "0.3.0"
  resolved "https://registry.npm.taobao.org/to-object-path/-/to-object-path-0.3.0.tgz#297588b7b0e7e0ac08e04e672f85c1f4999e17af"
  integrity sha1-KXWIt7Dn4KwI4E5nL4XB9JmeF68=
  dependencies:
    kind-of "^3.0.2"

to-regex-range@^2.1.0:
  version "2.1.1"
  resolved "https://registry.npm.taobao.org/to-regex-range/-/to-regex-range-2.1.1.tgz#7c80c17b9dfebe599e27367e0d4dd5590141db38"
  integrity sha1-fIDBe53+vlmeJzZ+DU3VWQFB2zg=
  dependencies:
    is-number "^3.0.0"
    repeat-string "^1.6.1"

to-regex@^3.0.1, to-regex@^3.0.2:
  version "3.0.2"
  resolved "https://registry.npm.taobao.org/to-regex/-/to-regex-3.0.2.tgz#13cfdd9b336552f30b51f33a8ae1b42a7a7599ce"
  integrity sha1-E8/dmzNlUvMLUfM6iuG0Knp1mc4=
  dependencies:
    define-property "^2.0.2"
    extend-shallow "^3.0.2"
    regex-not "^1.0.2"
    safe-regex "^1.1.0"

type-check@~0.3.2:
  version "0.3.2"
  resolved "https://registry.npm.taobao.org/type-check/download/type-check-0.3.2.tgz#5884cab512cf1d355e3fb784f30804b2b520db72"
  integrity sha1-WITKtRLPHTVeP7eE8wgEsrUg23I=
  dependencies:
    prelude-ls "~1.1.2"

uglify-js@3.4.x:
  version "3.4.10"
  resolved "https://registry.npm.taobao.org/uglify-js/download/uglify-js-3.4.10.tgz#9ad9563d8eb3acdfb8d38597d2af1d815f6a755f"
  integrity sha1-mtlWPY6zrN+404WX0q8dgV9qdV8=
  dependencies:
    commander "~2.19.0"
    source-map "~0.6.1"

union-value@^1.0.0:
  version "1.0.1"
  resolved "https://registry.npm.taobao.org/union-value/-/union-value-1.0.1.tgz#0b6fe7b835aecda61c6ea4d4f02c14221e109847"
  integrity sha1-C2/nuDWuzaYcbqTU8CwUIh4QmEc=
  dependencies:
    arr-union "^3.1.0"
    get-value "^2.0.6"
    is-extendable "^0.1.1"
    set-value "^2.0.1"

unset-value@^1.0.0:
  version "1.0.0"
  resolved "https://registry.npm.taobao.org/unset-value/-/unset-value-1.0.0.tgz#8376873f7d2335179ffb1e6fc3a8ed0dfc8ab559"
  integrity sha1-g3aHP30jNRef+x5vw6jtDfyKtVk=
  dependencies:
    has-value "^0.3.1"
    isobject "^3.0.0"

upper-case@^1.1.1:
  version "1.1.3"
  resolved "https://registry.npm.taobao.org/upper-case/download/upper-case-1.1.3.tgz#f6b4501c2ec4cdd26ba78be7222961de77621598"
  integrity sha1-9rRQHC7EzdJrp4vnIilh3ndiFZg=

urix@^0.1.0:
  version "0.1.0"
  resolved "https://registry.npm.taobao.org/urix/-/urix-0.1.0.tgz#da937f7a62e21fec1fd18d49b35c2935067a6c72"
  integrity sha1-2pN/emLiH+wf0Y1Js1wpNQZ6bHI=

use@^3.1.0:
  version "3.1.1"
  resolved "https://registry.npm.taobao.org/use/-/use-3.1.1.tgz#d50c8cac79a19fbc20f2911f56eb973f4e10070f"
  integrity sha512-cwESVXlO3url9YWlFW/TA9cshCEhtu7IKJ/p5soJ/gGpj7vbvFrAY/eIioQ6Dw23KjZhYgiIo8HOs1nQ2vr/oQ==

wordwrap@~1.0.0:
  version "1.0.0"
  resolved "https://registry.npm.taobao.org/wordwrap/download/wordwrap-1.0.0.tgz#27584810891456a4171c8d0226441ade90cbcaeb"
  integrity sha1-J1hIEIkUVqQXHI0CJkQa3pDLyus=

wrappy@1:
  version "1.0.2"
  resolved "https://registry.npm.taobao.org/wrappy/-/wrappy-1.0.2.tgz#b5243d8f3ec1aa35f1364605bc0d1036e30ab69f"
  integrity sha1-tSQ9jz7BqjXxNkYFvA0QNuMKtp8=
